
Microsoft Visual Studio Solution File, Format Version 12.00
# Visual Studio Version 16
VisualStudioVersion = 16.0.32802.440
MinimumVisualStudioVersion = 10.0.40219.1
Project("{FAE04EC0-301F-11D3-BF4B-00C04F79EFBC}") = "Backend Stage 1 task", "Backend Stage 1 task\Backend Stage 1 task.csproj", "{6EA990A4-061F-41DB-B8F9-A8D5ED007711}"
EndProject
Global
	GlobalSection(SolutionConfigurationPlatforms) = preSolution
		Debug|Any CPU = Debug|Any CPU
		Release|Any CPU = Release|Any CPU
	EndGlobalSection
	GlobalSection(ProjectConfigurationPlatforms) = postSolution
		{6EA990A4-061F-41DB-B8F9-A8D5ED007711}.Debug|Any CPU.ActiveCfg = Debug|Any CPU
		{6EA990A4-061F-41DB-B8F9-A8D5ED007711}.Debug|Any CPU.Build.0 = Debug|Any CPU
		{6EA990A4-061F-41DB-B8F9-A8D5ED007711}.Release|Any CPU.ActiveCfg = Release|Any CPU
		{6EA990A4-061F-41DB-B8F9-A8D5ED007711}.Release|Any CPU.Build.0 = Release|Any CPU
	EndGlobalSection
	GlobalSection(SolutionProperties) = preSolution
		HideSolutionNode = FALSE
	EndGlobalSection
	GlobalSection(ExtensibilityGlobals) = postSolution
		SolutionGuid = {932C2703-68CE-48E2-B9F6-588D22255220}
	EndGlobalSection
EndGlobal
